
Microsoft Visual Studio Solution File, Format Version 12.00
# Visual Studio Version 17
VisualStudioVersion = 17.4.33403.182
MinimumVisualStudioVersion = 10.0.40219.1
Project("{FAE04EC0-301F-11D3-BF4B-00C04F79EFBC}") = "PuntoVenta", "PuntoVenta\PuntoVenta.csproj", "{4DF5AEB9-851C-4CC4-84F7-66581755B7B0}"
EndProject
Global
	GlobalSection(SolutionConfigurationPlatforms) = preSolution
		Debug|Any CPU = Debug|Any CPU
		Release|Any CPU = Release|Any CPU
	EndGlobalSection
	GlobalSection(ProjectConfigurationPlatforms) = postSolution
		{4DF5AEB9-851C-4CC4-84F7-66581755B7B0}.Debug|Any CPU.ActiveCfg = Debug|Any CPU
		{4DF5AEB9-851C-4CC4-84F7-66581755B7B0}.Debug|Any CPU.Build.0 = Debug|Any CPU
		{4DF5AEB9-851C-4CC4-84F7-66581755B7B0}.Release|Any CPU.ActiveCfg = Release|Any CPU
		{4DF5AEB9-851C-4CC4-84F7-66581755B7B0}.Release|Any CPU.Build.0 = Release|Any CPU
	EndGlobalSection
	GlobalSection(SolutionProperties) = preSolution
		HideSolutionNode = FALSE
	EndGlobalSection
	GlobalSection(ExtensibilityGlobals) = postSolution
		SolutionGuid = {79058F53-FC3D-4907-AD79-5E4774C244AE}
	EndGlobalSection
EndGlobal
