
Microsoft Visual Studio Solution File, Format Version 12.00
# Visual Studio Version 17
VisualStudioVersion = 17.4.33403.182
MinimumVisualStudioVersion = 10.0.40219.1
Project("{FAE04EC0-301F-11D3-BF4B-00C04F79EFBC}") = "CrudEstados", "CrudEstados.csproj", "{79E7DEF6-A0EC-4660-82CA-51B5142432E2}"
EndProject
Global
	GlobalSection(SolutionConfigurationPlatforms) = preSolution
		Debug|Any CPU = Debug|Any CPU
		Release|Any CPU = Release|Any CPU
	EndGlobalSection
	GlobalSection(ProjectConfigurationPlatforms) = postSolution
		{79E7DEF6-A0EC-4660-82CA-51B5142432E2}.Debug|Any CPU.ActiveCfg = Debug|Any CPU
		{79E7DEF6-A0EC-4660-82CA-51B5142432E2}.Debug|Any CPU.Build.0 = Debug|Any CPU
		{79E7DEF6-A0EC-4660-82CA-51B5142432E2}.Release|Any CPU.ActiveCfg = Release|Any CPU
		{79E7DEF6-A0EC-4660-82CA-51B5142432E2}.Release|Any CPU.Build.0 = Release|Any CPU
	EndGlobalSection
	GlobalSection(SolutionProperties) = preSolution
		HideSolutionNode = FALSE
	EndGlobalSection
	GlobalSection(ExtensibilityGlobals) = postSolution
		SolutionGuid = {69B029F0-5BCE-4E1D-8CDC-C5B78525E313}
	EndGlobalSection
EndGlobal
